
Microsoft Visual Studio Solution File, Format Version 12.00
# Visual Studio 15
Project("{FAE04EC0-301F-11D3-BF4B-00C04F79EFBC}") = "Scripts", "Scripts.csproj", "{EA0C5CFE-6E05-DD44-0DE5-83934DF08390}"
EndProject
Project("{FAE04EC0-301F-11D3-BF4B-00C04F79EFBC}") = "PlayMode", "PlayMode.csproj", "{35F12E75-CEAD-C2BD-0D58-599201C1C5EE}"
EndProject
Project("{FAE04EC0-301F-11D3-BF4B-00C04F79EFBC}") = "EditMode", "EditMode.csproj", "{FBD650B2-5A7C-7FE3-7273-283236B10347}"
EndProject
Global
	GlobalSection(SolutionConfigurationPlatforms) = preSolution
		Debug|Any CPU = Debug|Any CPU
		Release|Any CPU = Release|Any CPU
	EndGlobalSection
	GlobalSection(ProjectConfigurationPlatforms) = postSolution
		{EA0C5CFE-6E05-DD44-0DE5-83934DF08390}.Debug|Any CPU.ActiveCfg = Debug|Any CPU
		{EA0C5CFE-6E05-DD44-0DE5-83934DF08390}.Debug|Any CPU.Build.0 = Debug|Any CPU
		{EA0C5CFE-6E05-DD44-0DE5-83934DF08390}.Release|Any CPU.ActiveCfg = Release|Any CPU
		{EA0C5CFE-6E05-DD44-0DE5-83934DF08390}.Release|Any CPU.Build.0 = Release|Any CPU
		{35F12E75-CEAD-C2BD-0D58-599201C1C5EE}.Debug|Any CPU.ActiveCfg = Debug|Any CPU
		{35F12E75-CEAD-C2BD-0D58-599201C1C5EE}.Debug|Any CPU.Build.0 = Debug|Any CPU
		{35F12E75-CEAD-C2BD-0D58-599201C1C5EE}.Release|Any CPU.ActiveCfg = Release|Any CPU
		{35F12E75-CEAD-C2BD-0D58-599201C1C5EE}.Release|Any CPU.Build.0 = Release|Any CPU
		{FBD650B2-5A7C-7FE3-7273-283236B10347}.Debug|Any CPU.ActiveCfg = Debug|Any CPU
		{FBD650B2-5A7C-7FE3-7273-283236B10347}.Debug|Any CPU.Build.0 = Debug|Any CPU
		{FBD650B2-5A7C-7FE3-7273-283236B10347}.Release|Any CPU.ActiveCfg = Release|Any CPU
		{FBD650B2-5A7C-7FE3-7273-283236B10347}.Release|Any CPU.Build.0 = Release|Any CPU
	EndGlobalSection
	GlobalSection(SolutionProperties) = preSolution
		HideSolutionNode = FALSE
	EndGlobalSection
EndGlobal
